lockfileVersion: '9.0'

settings:
  autoInstallPeers: true
  excludeLinksFromLockfile: false

importers:

  .:
    dependencies:
      datasets:
        specifier: ^0.1.0
        version: 0.1.0
      sklearn:
        specifier: ^1.0.0
        version: 1.0.0

packages:

  '@fisch0920/python-bridge@1.1.0':
    resolution: {integrity: sha512-ky37823e3UQkT8+1f78hsc27tjUI5LePylEJy3Xc/jSgms9O74KlPRzULLqUPi+1wiwMwrOyV/dgFD8d5bXabA==}

  bluebird@3.7.2:
    resolution: {integrity: sha512-XpNj6GDQzdfW+r2Wnn7xiSAd7TM3jzkxGXBGTtWKuSXv1xUV+azxAm8jdWZN06QTQk+2N2XB9jRDkvbmQmcRtg==}

  datasets-anscombes-quartet@1.0.0:
    resolution: {integrity: sha512-spE7jdVlFWOIRyIiheDz3ND976M1sjS0+t/RyQXKbkvLwtRqxOMPyz59bWuY6bi8DhcSeIZxVQ2jX12ecyFt6g==}

  datasets-female-first-names-en@1.0.0:
    resolution: {integrity: sha512-bxHpeXLuChD4C9ho24MJyUStcjnQhyr0duvwaoIA9JleRKvI9dGalayJnpQkwde+Ge0ABYbK+dadbMP/u8gf/w==}

  datasets-male-first-names-en@1.0.1:
    resolution: {integrity: sha512-DJT793ZvH3z6cAkPEDbEo3EIfMUI3WZWG5sNILGPGBZ7NqdV443tCEc1//vN9sDnIxbG5Ils26ISHKT75fneQg==}

  datasets@0.1.0:
    resolution: {integrity: sha512-K7ltVoMoT41QJVsuV1+60VW6EcBiDf/b2MpPREWFwgQ15iA0RoiWeUrcv2rBTqa0/EXO28ZOf1jVRfvyIjmN1g==}

  sklearn@1.0.0:
    resolution: {integrity: sha512-/F6szImri0+EHtXgb+A2F+EZgP9VUw+cd9PHCbo+qOB4JqQkX7AgvOoZvg0qI9InZlUkC1EsfKQHQgi1eDOp6g==}
    engines: {node: '>=18'}

snapshots:

  '@fisch0920/python-bridge@1.1.0':
    dependencies:
      bluebird: 3.7.2

  bluebird@3.7.2: {}

  datasets-anscombes-quartet@1.0.0: {}

  datasets-female-first-names-en@1.0.0: {}

  datasets-male-first-names-en@1.0.1: {}

  datasets@0.1.0:
    dependencies:
      datasets-anscombes-quartet: 1.0.0
      datasets-female-first-names-en: 1.0.0
      datasets-male-first-names-en: 1.0.1

  sklearn@1.0.0:
    dependencies:
      '@fisch0920/python-bridge': 1.1.0
